Microsoft Visual Studio Solution File, Format Version 12.00
# Visual Studio Version 16
VisualStudioVersion = 16.0.29613.14
MinimumVisualStudioVersion = 10.0.40219.1
Project("{9A19103F-16F7-4668-BE54-9A1E7A4F7556}") = "DayPrinter", "DayPrinter\DayPrinter.csproj", "{B3E76AAA-3BE8-49C7-A831-64EF68C6F28D}"
EndProject
Project("{9A19103F-16F7-4668-BE54-9A1E7A4F7556}") = "ElseIf", "ElseIf\ElseIf.csproj", "{C7008ACC-EE4B-49CC-B7FB-5F9F95E257A9}"
EndProject
Project("{9A19103F-16F7-4668-BE54-9A1E7A4F7556}") = "TempConv", "TempConv\TempConv.csproj", "{6D18F93D-E26F-4FF4-ABF2-1450FD9FB19D}"
EndProject
Project("{9A19103F-16F7-4668-BE54-9A1E7A4F7556}") = "HelloMethods", "HelloMethods\HelloMethods.csproj", "{9B69E0D2-FBD5-4FB4-9D40-768AE4F57300}"
EndProject
Project("{9A19103F-16F7-4668-BE54-9A1E7A4F7556}") = "Gradebook", "Gradebook\Gradebook.csproj", "{9E08496B-2501-4CBF-844F-8FD7BA97F4E6}"
EndProject
Project("{9A19103F-16F7-4668-BE54-9A1E7A4F7556}") = "GradebookDict", "GradebookDict\GradebookDict.csproj", "{EFCB1B91-2E92-478F-BFF7-013FF6911DCC}"
EndProject
Project("{9A19103F-16F7-4668-BE54-9A1E7A4F7556}") = "GradebookArray", "GradebookArray\GradebookArray.csproj", "{89051A0E-8D18-48C3-B4E6-D05F62D252CE}"
EndProject
Project("{9A19103F-16F7-4668-BE54-9A1E7A4F7556}") = "Area", "Area\Area.csproj", "{7AD487FD-7C20-4839-A1B1-CAB527C00885}"
EndProject
Project("{9A19103F-16F7-4668-BE54-9A1E7A4F7556}") = "Lists", "Lists\Lists.csproj", "{F1335B5F-9744-4086-8C40-158195244681}"
EndProject
Project("{9A19103F-16F7-4668-BE54-9A1E7A4F7556}") = "ListsAndStrings", "ListsAndStrings\ListsAndStrings.csproj", "{BADE6BEE-F320-43F8-B4C9-097EF0501E20}"
EndProject
Project("{9A19103F-16F7-4668-BE54-9A1E7A4F7556}") = "Arrays", "Arrays\Arrays.csproj", "{609CBEC4-BE4E-4EB1-A7EF-DD558DF6CAE8}"
EndProject
Project("{9A19103F-16F7-4668-BE54-9A1E7A4F7556}") = "Dictionaries", "Dictionaries\Dictionaries.csproj", "{3648EF92-8AE1-46FB-9EAF-280347960F2D}"
EndProject
Project("{9A19103F-16F7-4668-BE54-9A1E7A4F7556}") = "StringBuilder", "StringBuilder\StringBuilder.csproj", "{6DA5038C-6E2A-465C-AB00-24DA97C87583}"
EndProject
Project("{9A19103F-16F7-4668-BE54-9A1E7A4F7556}") = "CountingChars", "CountingChars\CountingChars.csproj", "{226C19CC-25DA-45EE-B555-4E556C18D41F}"
EndProject
Project("{9A19103F-16F7-4668-BE54-9A1E7A4F7556}") = "ClassDiagram", "ClassDiagram\ClassDiagram.csproj", "{F1B43CA6-4385-4CB7-B7EB-657F0F4B53D9}"
EndProject
Project("{FAE04EC0-301F-11D3-BF4B-00C04F79EFBC}") = "QuizTime", "QuizTime\QuizTime.csproj", "{EA914733-EFCF-4604-99B5-9A8B883B1A51}"
EndProject
Global
	GlobalSection(SolutionConfigurationPlatforms) = preSolution
		Debug|Any CPU = Debug|Any CPU
		Release|Any CPU = Release|Any CPU
	EndGlobalSection
	GlobalSection(ProjectConfigurationPlatforms) = postSolution
		{B3E76AAA-3BE8-49C7-A831-64EF68C6F28D}.Debug|Any CPU.ActiveCfg = Debug|Any CPU
		{B3E76AAA-3BE8-49C7-A831-64EF68C6F28D}.Debug|Any CPU.Build.0 = Debug|Any CPU
		{B3E76AAA-3BE8-49C7-A831-64EF68C6F28D}.Release|Any CPU.ActiveCfg = Release|Any CPU
		{B3E76AAA-3BE8-49C7-A831-64EF68C6F28D}.Release|Any CPU.Build.0 = Release|Any CPU
		{C7008ACC-EE4B-49CC-B7FB-5F9F95E257A9}.Debug|Any CPU.ActiveCfg = Debug|Any CPU
		{C7008ACC-EE4B-49CC-B7FB-5F9F95E257A9}.Debug|Any CPU.Build.0 = Debug|Any CPU
		{C7008ACC-EE4B-49CC-B7FB-5F9F95E257A9}.Release|Any CPU.ActiveCfg = Release|Any CPU
		{C7008ACC-EE4B-49CC-B7FB-5F9F95E257A9}.Release|Any CPU.Build.0 = Release|Any CPU
		{6D18F93D-E26F-4FF4-ABF2-1450FD9FB19D}.Debug|Any CPU.ActiveCfg = Debug|Any CPU
		{6D18F93D-E26F-4FF4-ABF2-1450FD9FB19D}.Debug|Any CPU.Build.0 = Debug|Any CPU
		{6D18F93D-E26F-4FF4-ABF2-1450FD9FB19D}.Release|Any CPU.ActiveCfg = Release|Any CPU
		{6D18F93D-E26F-4FF4-ABF2-1450FD9FB19D}.Release|Any CPU.Build.0 = Release|Any CPU
		{9B69E0D2-FBD5-4FB4-9D40-768AE4F57300}.Debug|Any CPU.ActiveCfg = Debug|Any CPU
		{9B69E0D2-FBD5-4FB4-9D40-768AE4F57300}.Debug|Any CPU.Build.0 = Debug|Any CPU
		{9B69E0D2-FBD5-4FB4-9D40-768AE4F57300}.Release|Any CPU.ActiveCfg = Release|Any CPU
		{9B69E0D2-FBD5-4FB4-9D40-768AE4F57300}.Release|Any CPU.Build.0 = Release|Any CPU
		{9E08496B-2501-4CBF-844F-8FD7BA97F4E6}.Debug|Any CPU.ActiveCfg = Debug|Any CPU
		{9E08496B-2501-4CBF-844F-8FD7BA97F4E6}.Debug|Any CPU.Build.0 = Debug|Any CPU
		{9E08496B-2501-4CBF-844F-8FD7BA97F4E6}.Release|Any CPU.ActiveCfg = Release|Any CPU
		{9E08496B-2501-4CBF-844F-8FD7BA97F4E6}.Release|Any CPU.Build.0 = Release|Any CPU
		{EFCB1B91-2E92-478F-BFF7-013FF6911DCC}.Debug|Any CPU.ActiveCfg = Debug|Any CPU
		{EFCB1B91-2E92-478F-BFF7-013FF6911DCC}.Debug|Any CPU.Build.0 = Debug|Any CPU
		{EFCB1B91-2E92-478F-BFF7-013FF6911DCC}.Release|Any CPU.ActiveCfg = Release|Any CPU
		{EFCB1B91-2E92-478F-BFF7-013FF6911DCC}.Release|Any CPU.Build.0 = Release|Any CPU
		{89051A0E-8D18-48C3-B4E6-D05F62D252CE}.Debug|Any CPU.ActiveCfg = Debug|Any CPU
		{89051A0E-8D18-48C3-B4E6-D05F62D252CE}.Debug|Any CPU.Build.0 = Debug|Any CPU
		{89051A0E-8D18-48C3-B4E6-D05F62D252CE}.Release|Any CPU.ActiveCfg = Release|Any CPU
		{89051A0E-8D18-48C3-B4E6-D05F62D252CE}.Release|Any CPU.Build.0 = Release|Any CPU
		{7AD487FD-7C20-4839-A1B1-CAB527C00885}.Debug|Any CPU.ActiveCfg = Debug|Any CPU
		{7AD487FD-7C20-4839-A1B1-CAB527C00885}.Debug|Any CPU.Build.0 = Debug|Any CPU
		{7AD487FD-7C20-4839-A1B1-CAB527C00885}.Release|Any CPU.ActiveCfg = Release|Any CPU
		{7AD487FD-7C20-4839-A1B1-CAB527C00885}.Release|Any CPU.Build.0 = Release|Any CPU
		{F1335B5F-9744-4086-8C40-158195244681}.Debug|Any CPU.ActiveCfg = Debug|Any CPU
		{F1335B5F-9744-4086-8C40-158195244681}.Debug|Any CPU.Build.0 = Debug|Any CPU
		{F1335B5F-9744-4086-8C40-158195244681}.Release|Any CPU.ActiveCfg = Release|Any CPU
		{F1335B5F-9744-4086-8C40-158195244681}.Release|Any CPU.Build.0 = Release|Any CPU
		{BADE6BEE-F320-43F8-B4C9-097EF0501E20}.Debug|Any CPU.ActiveCfg = Debug|Any CPU
		{BADE6BEE-F320-43F8-B4C9-097EF0501E20}.Debug|Any CPU.Build.0 = Debug|Any CPU
		{BADE6BEE-F320-43F8-B4C9-097EF0501E20}.Release|Any CPU.ActiveCfg = Release|Any CPU
		{BADE6BEE-F320-43F8-B4C9-097EF0501E20}.Release|Any CPU.Build.0 = Release|Any CPU
		{609CBEC4-BE4E-4EB1-A7EF-DD558DF6CAE8}.Debug|Any CPU.ActiveCfg = Debug|Any CPU
		{609CBEC4-BE4E-4EB1-A7EF-DD558DF6CAE8}.Debug|Any CPU.Build.0 = Debug|Any CPU
		{609CBEC4-BE4E-4EB1-A7EF-DD558DF6CAE8}.Release|Any CPU.ActiveCfg = Release|Any CPU
		{609CBEC4-BE4E-4EB1-A7EF-DD558DF6CAE8}.Release|Any CPU.Build.0 = Release|Any CPU
		{3648EF92-8AE1-46FB-9EAF-280347960F2D}.Debug|Any CPU.ActiveCfg = Debug|Any CPU
		{3648EF92-8AE1-46FB-9EAF-280347960F2D}.Debug|Any CPU.Build.0 = Debug|Any CPU
		{3648EF92-8AE1-46FB-9EAF-280347960F2D}.Release|Any CPU.ActiveCfg = Release|Any CPU
		{3648EF92-8AE1-46FB-9EAF-280347960F2D}.Release|Any CPU.Build.0 = Release|Any CPU
		{6DA5038C-6E2A-465C-AB00-24DA97C87583}.Debug|Any CPU.ActiveCfg = Debug|Any CPU
		{6DA5038C-6E2A-465C-AB00-24DA97C87583}.Debug|Any CPU.Build.0 = Debug|Any CPU
		{6DA5038C-6E2A-465C-AB00-24DA97C87583}.Release|Any CPU.ActiveCfg = Release|Any CPU
		{6DA5038C-6E2A-465C-AB00-24DA97C87583}.Release|Any CPU.Build.0 = Release|Any CPU
		{226C19CC-25DA-45EE-B555-4E556C18D41F}.Debug|Any CPU.ActiveCfg = Debug|Any CPU
		{226C19CC-25DA-45EE-B555-4E556C18D41F}.Debug|Any CPU.Build.0 = Debug|Any CPU
		{226C19CC-25DA-45EE-B555-4E556C18D41F}.Release|Any CPU.ActiveCfg = Release|Any CPU
		{226C19CC-25DA-45EE-B555-4E556C18D41F}.Release|Any CPU.Build.0 = Release|Any CPU
		{F1B43CA6-4385-4CB7-B7EB-657F0F4B53D9}.Debug|Any CPU.ActiveCfg = Debug|Any CPU
		{F1B43CA6-4385-4CB7-B7EB-657F0F4B53D9}.Debug|Any CPU.Build.0 = Debug|Any CPU
		{F1B43CA6-4385-4CB7-B7EB-657F0F4B53D9}.Release|Any CPU.ActiveCfg = Release|Any CPU
		{F1B43CA6-4385-4CB7-B7EB-657F0F4B53D9}.Release|Any CPU.Build.0 = Release|Any CPU
		{EA914733-EFCF-4604-99B5-9A8B883B1A51}.Debug|Any CPU.ActiveCfg = Debug|Any CPU
		{EA914733-EFCF-4604-99B5-9A8B883B1A51}.Debug|Any CPU.Build.0 = Debug|Any CPU
		{EA914733-EFCF-4604-99B5-9A8B883B1A51}.Release|Any CPU.ActiveCfg = Release|Any CPU
		{EA914733-EFCF-4604-99B5-9A8B883B1A51}.Release|Any CPU.Build.0 = Release|Any CPU
	EndGlobalSection
	GlobalSection(SolutionProperties) = preSolution
		HideSolutionNode = FALSE
	EndGlobalSection
	GlobalSection(ExtensibilityGlobals) = postSolution
		SolutionGuid = {560450FF-6480-4FD6-8B45-AAACE0739AAD}
	EndGlobalSection
EndGlobal
